
Microsoft Visual Studio Solution File, Format Version 12.00
# Visual Studio Version 16
VisualStudioVersion = 16.0.30320.27
MinimumVisualStudioVersion = 10.0.40219.1
Project("{FAE04EC0-301F-11D3-BF4B-00C04F79EFBC}") = "SleepCalculator", "SleepCalculator\SleepCalculator.csproj", "{0F573052-F939-4CB6-846D-B1FAC01C5C7C}"
EndProject
Project("{FAE04EC0-301F-11D3-BF4B-00C04F79EFBC}") = "SleepCalculatorServer", "SleepCalculatorServer\SleepCalculatorServer.csproj", "{CAC759BD-829E-41C8-B576-2A6D13BEDC02}"
EndProject
Global
	GlobalSection(SolutionConfigurationPlatforms) = preSolution
		Debug|Any CPU = Debug|Any CPU
		Release|Any CPU = Release|Any CPU
	EndGlobalSection
	GlobalSection(ProjectConfigurationPlatforms) = postSolution
		{0F573052-F939-4CB6-846D-B1FAC01C5C7C}.Debug|Any CPU.ActiveCfg = Debug|Any CPU
		{0F573052-F939-4CB6-846D-B1FAC01C5C7C}.Debug|Any CPU.Build.0 = Debug|Any CPU
		{0F573052-F939-4CB6-846D-B1FAC01C5C7C}.Release|Any CPU.ActiveCfg = Release|Any CPU
		{0F573052-F939-4CB6-846D-B1FAC01C5C7C}.Release|Any CPU.Build.0 = Release|Any CPU
		{CAC759BD-829E-41C8-B576-2A6D13BEDC02}.Debug|Any CPU.ActiveCfg = Debug|Any CPU
		{CAC759BD-829E-41C8-B576-2A6D13BEDC02}.Debug|Any CPU.Build.0 = Debug|Any CPU
		{CAC759BD-829E-41C8-B576-2A6D13BEDC02}.Release|Any CPU.ActiveCfg = Release|Any CPU
		{CAC759BD-829E-41C8-B576-2A6D13BEDC02}.Release|Any CPU.Build.0 = Release|Any CPU
	EndGlobalSection
	GlobalSection(SolutionProperties) = preSolution
		HideSolutionNode = FALSE
	EndGlobalSection
	GlobalSection(ExtensibilityGlobals) = postSolution
		SolutionGuid = {FC6B346C-DC86-4FE3-8094-1D74C88C25C7}
	EndGlobalSection
EndGlobal
